
Microsoft Visual Studio Solution File, Format Version 12.00
# Visual Studio Version 16
VisualStudioVersion = 16.0.29806.167
MinimumVisualStudioVersion = 10.0.40219.1
Project("{FAE04EC0-301F-11D3-BF4B-00C04F79EFBC}") = "ControlPanel", "ControlPanel\ControlPanel.csproj", "{40A52E5A-B22F-45DE-A74C-4244F4108DBB}"
EndProject
Project("{FAE04EC0-301F-11D3-BF4B-00C04F79EFBC}") = "NetworkCamera", "NetworkCamera\NetworkCamera.csproj", "{6B22AE33-8CBC-4ABF-88ED-FC3961931EE0}"
EndProject
Global
	GlobalSection(SolutionConfigurationPlatforms) = preSolution
		Debug|Any CPU = Debug|Any CPU
		Release|Any CPU = Release|Any CPU
	EndGlobalSection
	GlobalSection(ProjectConfigurationPlatforms) = postSolution
		{40A52E5A-B22F-45DE-A74C-4244F4108DBB}.Debug|Any CPU.ActiveCfg = Debug|Any CPU
		{40A52E5A-B22F-45DE-A74C-4244F4108DBB}.Debug|Any CPU.Build.0 = Debug|Any CPU
		{40A52E5A-B22F-45DE-A74C-4244F4108DBB}.Release|Any CPU.ActiveCfg = Release|Any CPU
		{40A52E5A-B22F-45DE-A74C-4244F4108DBB}.Release|Any CPU.Build.0 = Release|Any CPU
		{6B22AE33-8CBC-4ABF-88ED-FC3961931EE0}.Debug|Any CPU.ActiveCfg = Debug|Any CPU
		{6B22AE33-8CBC-4ABF-88ED-FC3961931EE0}.Debug|Any CPU.Build.0 = Debug|Any CPU
		{6B22AE33-8CBC-4ABF-88ED-FC3961931EE0}.Debug|Any CPU.Deploy.0 = Debug|Any CPU
		{6B22AE33-8CBC-4ABF-88ED-FC3961931EE0}.Release|Any CPU.ActiveCfg = Release|Any CPU
		{6B22AE33-8CBC-4ABF-88ED-FC3961931EE0}.Release|Any CPU.Build.0 = Release|Any CPU
		{6B22AE33-8CBC-4ABF-88ED-FC3961931EE0}.Release|Any CPU.Deploy.0 = Release|Any CPU
	EndGlobalSection
	GlobalSection(SolutionProperties) = preSolution
		HideSolutionNode = FALSE
	EndGlobalSection
	GlobalSection(ExtensibilityGlobals) = postSolution
		SolutionGuid = {2B95F02A-B8E4-424D-BD7F-CE7D434E4F30}
	EndGlobalSection
EndGlobal
